
Microsoft Visual Studio Solution File, Format Version 12.00
# Visual Studio 14
VisualStudioVersion = 14.0.25123.0
MinimumVisualStudioVersion = 10.0.40219.1
Project("{FAE04EC0-301F-11D3-BF4B-00C04F79EFBC}") = "Image2Text_borderless", "Image2Text\Image2Text_borderless.csproj", "{B10874CF-B412-4B0E-B43F-32C028594FAD}"
EndProject
Global
	GlobalSection(SolutionConfigurationPlatforms) = preSolution
		Debug|Any CPU = Debug|Any CPU
		Debug|x64 = Debug|x64
		Release|Any CPU = Release|Any CPU
		Release|x64 = Release|x64
	EndGlobalSection
	GlobalSection(ProjectConfigurationPlatforms) = postSolution
		{B10874CF-B412-4B0E-B43F-32C028594FAD}.Debug|Any CPU.ActiveCfg = Debug|Any CPU
		{B10874CF-B412-4B0E-B43F-32C028594FAD}.Debug|Any CPU.Build.0 = Debug|Any CPU
		{B10874CF-B412-4B0E-B43F-32C028594FAD}.Debug|x64.ActiveCfg = Debug|Any CPU
		{B10874CF-B412-4B0E-B43F-32C028594FAD}.Debug|x64.Build.0 = Debug|Any CPU
		{B10874CF-B412-4B0E-B43F-32C028594FAD}.Release|Any CPU.ActiveCfg = Release|Any CPU
		{B10874CF-B412-4B0E-B43F-32C028594FAD}.Release|Any CPU.Build.0 = Release|Any CPU
		{B10874CF-B412-4B0E-B43F-32C028594FAD}.Release|x64.ActiveCfg = Release|Any CPU
		{B10874CF-B412-4B0E-B43F-32C028594FAD}.Release|x64.Build.0 = Release|Any CPU
	EndGlobalSection
	GlobalSection(SolutionProperties) = preSolution
		HideSolutionNode = FALSE
	EndGlobalSection
EndGlobal
